
Microsoft Visual Studio Solution File, Format Version 12.00
# Visual Studio Version 16
VisualStudioVersion = 16.0.31702.278
MinimumVisualStudioVersion = 10.0.40219.1
Project("{FAE04EC0-301F-11D3-BF4B-00C04F79EFBC}") = "Notepad_HFROEBE", "Notepad_HFROEBE.csproj", "{7DDF6DCD-2F10-4AF3-8523-7C06366D80FB}"
EndProject
Global
	GlobalSection(SolutionConfigurationPlatforms) = preSolution
		Debug|Any CPU = Debug|Any CPU
		Release|Any CPU = Release|Any CPU
	EndGlobalSection
	GlobalSection(ProjectConfigurationPlatforms) = postSolution
		{7DDF6DCD-2F10-4AF3-8523-7C06366D80FB}.Debug|Any CPU.ActiveCfg = Debug|Any CPU
		{7DDF6DCD-2F10-4AF3-8523-7C06366D80FB}.Debug|Any CPU.Build.0 = Debug|Any CPU
		{7DDF6DCD-2F10-4AF3-8523-7C06366D80FB}.Release|Any CPU.ActiveCfg = Release|Any CPU
		{7DDF6DCD-2F10-4AF3-8523-7C06366D80FB}.Release|Any CPU.Build.0 = Release|Any CPU
	EndGlobalSection
	GlobalSection(SolutionProperties) = preSolution
		HideSolutionNode = FALSE
	EndGlobalSection
	GlobalSection(ExtensibilityGlobals) = postSolution
		SolutionGuid = {B1DA9210-1D7F-40D6-B83E-49315CA1F3E2}
	EndGlobalSection
EndGlobal
